
Microsoft Visual Studio Solution File, Format Version 12.00
# Visual Studio Version 17
VisualStudioVersion = 17.0.31903.59
MinimumVisualStudioVersion = 10.0.40219.1
Project("{FAE04EC0-301F-11D3-BF4B-00C04F79EFBC}") = "console-invaded", "console-invaded\console-invaded.csproj", "{3E6B038A-288D-40BF-89BD-2F18A5C7EF93}"
EndProject
Global
	GlobalSection(SolutionConfigurationPlatforms) = preSolution
		Debug|Any CPU = Debug|Any CPU
		Release|Any CPU = Release|Any CPU
	EndGlobalSection
	GlobalSection(SolutionProperties) = preSolution
		HideSolutionNode = FALSE
	EndGlobalSection
	GlobalSection(ProjectConfigurationPlatforms) = postSolution
		{3E6B038A-288D-40BF-89BD-2F18A5C7EF93}.Debug|Any CPU.ActiveCfg = Debug|Any CPU
		{3E6B038A-288D-40BF-89BD-2F18A5C7EF93}.Debug|Any CPU.Build.0 = Debug|Any CPU
		{3E6B038A-288D-40BF-89BD-2F18A5C7EF93}.Release|Any CPU.ActiveCfg = Release|Any CPU
		{3E6B038A-288D-40BF-89BD-2F18A5C7EF93}.Release|Any CPU.Build.0 = Release|Any CPU
	EndGlobalSection
EndGlobal
